// !$*UTF8*$!
{
	archiveVersion = 1;
	classes = {
	};
	objectVersion = 50;
	objects = {

/* Begin PBXBuildFile section */
		8736653E2800AA49005EDA25 /* Cat.swift in Sources */ = {isa = PBXBuildFile; fileRef = 8736653D2800AA49005EDA25 /* Cat.swift */; };
		873665432800C66B005EDA25 /* ProgressHUD.swift in Sources */ = {isa = PBXBuildFile; fileRef = 873665422800C66B005EDA25 /* ProgressHUD.swift */; };
		874E72A528002A90003F5280 /* ApiClient.swift in Sources */ = {isa = PBXBuildFile; fileRef = 874E72A428002A90003F5280 /* ApiClient.swift */; };
		874E72A928002AF6003F5280 /* CatsVM.swift in Sources */ = {isa = PBXBuildFile; fileRef = 874E72A828002AF6003F5280 /* CatsVM.swift */; };
		874E72AE28002B3A003F5280 /* CatServices.swift in Sources */ = {isa = PBXBuildFile; fileRef = 874E72AD28002B3A003F5280 /* CatServices.swift */; };
		874E72B328002E81003F5280 /* CatsVC.swift in Sources */ = {isa = PBXBuildFile; fileRef = 874E72B228002E81003F5280 /* CatsVC.swift */; };
		875B456828032AA800D0D349 /* Cat_FactsTests.swift in Sources */ = {isa = PBXBuildFile; fileRef = 875B456728032AA800D0D349 /* Cat_FactsTests.swift */; };
		876ACFFE2809C4FC00A34988 /* CatObjectContainer.swift in Sources */ = {isa = PBXBuildFile; fileRef = 876ACFFD2809C4FC00A34988 /* CatObjectContainer.swift */; };
		8788DD602800F1F9003CFC2B /* CatDetails.storyboard in Resources */ = {isa = PBXBuildFile; fileRef = 8788DD5F2800F1F9003CFC2B /* CatDetails.storyboard */; };
		8788DD632800F224003CFC2B /* CatDetailsVC.swift in Sources */ = {isa = PBXBuildFile; fileRef = 8788DD622800F224003CFC2B /* CatDetailsVC.swift */; };
		87ABDB9028018B4A00A7C3C8 /* CoreDataManager.swift in Sources */ = {isa = PBXBuildFile; fileRef = 87ABDB8F28018B4A00A7C3C8 /* CoreDataManager.swift */; };
		87B5B5C5280323EC00EB7992 /* extensions.swift in Sources */ = {isa = PBXBuildFile; fileRef = 87B5B5C4280323EC00EB7992 /* extensions.swift */; };
		87C9BA43280019E000BBCFEC /* AppDelegate.swift in Sources */ = {isa = PBXBuildFile; fileRef = 87C9BA42280019E000BBCFEC /* AppDelegate.swift */; };
		87C9BA4D280019E000BBCFEC /* Cat_Facts.xcdatamodeld in Sources */ = {isa = PBXBuildFile; fileRef = 87C9BA4B280019E000BBCFEC /* Cat_Facts.xcdatamodeld */; };
		87C9BA4F280019E200BBCFEC /* Assets.xcassets in Resources */ = {isa = PBXBuildFile; fileRef = 87C9BA4E280019E200BBCFEC /* Assets.xcassets */; };
		87C9BA5E28001A8C00BBCFEC /* AppCoordinator.swift in Sources */ = {isa = PBXBuildFile; fileRef = 87C9BA5D28001A8C00BBCFEC /* AppCoordinator.swift */; };
		87C9BA6228001A9900BBCFEC /* Coordinator.swift in Sources */ = {isa = PBXBuildFile; fileRef = 87C9BA6128001A9900BBCFEC /* Coordinator.swift */; };
		87C9BA6628001AC400BBCFEC /* Cats.storyboard in Resources */ = {isa = PBXBuildFile; fileRef = 87C9BA6528001AC400BBCFEC /* Cats.storyboard */; };
		87C9BA6A28001B1200BBCFEC /* CatsCoordinator.swift in Sources */ = {isa = PBXBuildFile; fileRef = 87C9BA6928001B1200BBCFEC /* CatsCoordinator.swift */; };
		87D150E328030FF60082BE96 /* InternetConnectionManager.swift in Sources */ = {isa = PBXBuildFile; fileRef = 87D150E228030FF60082BE96 /* InternetConnectionManager.swift */; };
		87EBCBC22802C753001750A4 /* CoreDataContainer.swift in Sources */ = {isa = PBXBuildFile; fileRef = 87EBCBC12802C753001750A4 /* CoreDataContainer.swift */; };
		87EF89F02802001D009CFB70 /* ViewModelAbstractions.swift in Sources */ = {isa = PBXBuildFile; fileRef = 87EF89EF2802001D009CFB70 /* ViewModelAbstractions.swift */; };
/* End PBXBuildFile section */

/* Begin PBXContainerItemProxy section */
		875B456A28032AA800D0D349 /* PBXContainerItemProxy */ = {
			isa = PBXContainerItemProxy;
			containerPortal = 87C9BA37280019E000BBCFEC /* Project object */;
			proxyType = 1;
			remoteGlobalIDString = 87C9BA3E280019E000BBCFEC;
			remoteInfo = "Cat Facts";
		};
/* End PBXContainerItemProxy section */

/* Begin PBXFileReference section */
		8736653D2800AA49005EDA25 /* Cat.swift */ = {isa = PBXFileReference; fileEncoding = 4; lastKnownFileType = sourcecode.swift; path = Cat.swift; sourceTree = "<group>"; };
		873665422800C66B005EDA25 /* ProgressHUD.swift */ = {isa = PBXFileReference; lastKnownFileType = sourcecode.swift; path = ProgressHUD.swift; sourceTree = "<group>"; };
		874E72A428002A90003F5280 /* ApiClient.swift */ = {isa = PBXFileReference; lastKnownFileType = sourcecode.swift; path = ApiClient.swift; sourceTree = "<group>"; };
		874E72A828002AF6003F5280 /* CatsVM.swift */ = {isa = PBXFileReference; lastKnownFileType = sourcecode.swift; path = CatsVM.swift; sourceTree = "<group>"; };
		874E72AD28002B3A003F5280 /* CatServices.swift */ = {isa = PBXFileReference; lastKnownFileType = sourcecode.swift; path = CatServices.swift; sourceTree = "<group>"; };
		874E72B228002E81003F5280 /* CatsVC.swift */ = {isa = PBXFileReference; lastKnownFileType = sourcecode.swift; path = CatsVC.swift; sourceTree = "<group>"; };
		875B456528032AA800D0D349 /* Cat FactsTests.xctest */ = {isa = PBXFileReference; explicitFileType = wrapper.cfbundle; includeInIndex = 0; path = "Cat FactsTests.xctest"; sourceTree = BUILT_PRODUCTS_DIR; };
		875B456728032AA800D0D349 /* Cat_FactsTests.swift */ = {isa = PBXFileReference; lastKnownFileType = sourcecode.swift; path = Cat_FactsTests.swift; sourceTree = "<group>"; };
		875B456928032AA800D0D349 /* Info.plist */ = {isa = PBXFileReference; lastKnownFileType = text.plist.xml; path = Info.plist; sourceTree = "<group>"; };
		876ACFFD2809C4FC00A34988 /* CatObjectContainer.swift */ = {isa = PBXFileReference; lastKnownFileType = sourcecode.swift; path = CatObjectContainer.swift; sourceTree = "<group>"; };
		8788DD5F2800F1F9003CFC2B /* CatDetails.storyboard */ = {isa = PBXFileReference; lastKnownFileType = file.storyboard; path = CatDetails.storyboard; sourceTree = "<group>"; };
		8788DD622800F224003CFC2B /* CatDetailsVC.swift */ = {isa = PBXFileReference; lastKnownFileType = sourcecode.swift; path = CatDetailsVC.swift; sourceTree = "<group>"; };
		87ABDB8F28018B4A00A7C3C8 /* CoreDataManager.swift */ = {isa = PBXFileReference; lastKnownFileType = sourcecode.swift; path = CoreDataManager.swift; sourceTree = "<group>"; };
		87B5B5C4280323EC00EB7992 /* extensions.swift */ = {isa = PBXFileReference; lastKnownFileType = sourcecode.swift; path = extensions.swift; sourceTree = "<group>"; };
		87C9BA3F280019E000BBCFEC /* Cat Facts.app */ = {isa = PBXFileReference; explicitFileType = wrapper.application; includeInIndex = 0; path = "Cat Facts.app"; sourceTree = BUILT_PRODUCTS_DIR; };
		87C9BA42280019E000BBCFEC /* AppDelegate.swift */ = {isa = PBXFileReference; lastKnownFileType = sourcecode.swift; path = AppDelegate.swift; sourceTree = "<group>"; };
		87C9BA4C280019E000BBCFEC /* Cat_Facts.xcdatamodel */ = {isa = PBXFileReference; lastKnownFileType = wrapper.xcdatamodel; path = Cat_Facts.xcdatamodel; sourceTree = "<group>"; };
		87C9BA4E280019E200BBCFEC /* Assets.xcassets */ = {isa = PBXFileReference; lastKnownFileType = folder.assetcatalog; path = Assets.xcassets; sourceTree = "<group>"; };
		87C9BA53280019E200BBCFEC /* Info.plist */ = {isa = PBXFileReference; lastKnownFileType = text.plist.xml; path = Info.plist; sourceTree = "<group>"; };
		87C9BA5D28001A8C00BBCFEC /* AppCoordinator.swift */ = {isa = PBXFileReference; lastKnownFileType = sourcecode.swift; path = AppCoordinator.swift; sourceTree = "<group>"; };
		87C9BA6128001A9900BBCFEC /* Coordinator.swift */ = {isa = PBXFileReference; lastKnownFileType = sourcecode.swift; path = Coordinator.swift; sourceTree = "<group>"; };
		87C9BA6528001AC400BBCFEC /* Cats.storyboard */ = {isa = PBXFileReference; lastKnownFileType = file.storyboard; path = Cats.storyboard; sourceTree = "<group>"; };
		87C9BA6928001B1200BBCFEC /* CatsCoordinator.swift */ = {isa = PBXFileReference; lastKnownFileType = sourcecode.swift; path = CatsCoordinator.swift; sourceTree = "<group>"; };
		87D150E228030FF60082BE96 /* InternetConnectionManager.swift */ = {isa = PBXFileReference; lastKnownFileType = sourcecode.swift; path = InternetConnectionManager.swift; sourceTree = "<group>"; };
		87EBCBC12802C753001750A4 /* CoreDataContainer.swift */ = {isa = PBXFileReference; lastKnownFileType = sourcecode.swift; path = CoreDataContainer.swift; sourceTree = "<group>"; };
		87EF89EF2802001D009CFB70 /* ViewModelAbstractions.swift */ = {isa = PBXFileReference; lastKnownFileType = sourcecode.swift; path = ViewModelAbstractions.swift; sourceTree = "<group>"; };
/* End PBXFileReference section */

/* Begin PBXFrameworksBuildPhase section */
		875B456228032AA800D0D349 /* Frameworks */ = {
			isa = PBXFrameworksBuildPhase;
			buildActionMask = 2147483647;
			files = (
			);
			runOnlyForDeploymentPostprocessing = 0;
		};
		87C9BA3C280019E000BBCFEC /* Frameworks */ = {
			isa = PBXFrameworksBuildPhase;
			buildActionMask = 2147483647;
			files = (
			);
			runOnlyForDeploymentPostprocessing = 0;
		};
/* End PBXFrameworksBuildPhase section */

/* Begin PBXGroup section */
		8736653C2800AA41005EDA25 /* Model */ = {
			isa = PBXGroup;
			children = (
				8736653D2800AA49005EDA25 /* Cat.swift */,
			);
			path = Model;
			sourceTree = "<group>";
		};
		874E72AC28002B31003F5280 /* Services */ = {
			isa = PBXGroup;
			children = (
				87ABDB8E28018B2F00A7C3C8 /* CoreData */,
				874E72A428002A90003F5280 /* ApiClient.swift */,
				874E72AD28002B3A003F5280 /* CatServices.swift */,
			);
			path = Services;
			sourceTree = "<group>";
		};
		875B456628032AA800D0D349 /* Cat FactsTests */ = {
			isa = PBXGroup;
			children = (
				875B456728032AA800D0D349 /* Cat_FactsTests.swift */,
				875B456928032AA800D0D349 /* Info.plist */,
			);
			path = "Cat FactsTests";
			sourceTree = "<group>";
		};
		8788DD5D2800F018003CFC2B /* CatDetails */ = {
			isa = PBXGroup;
			children = (
				8788DD5F2800F1F9003CFC2B /* CatDetails.storyboard */,
				8788DD622800F224003CFC2B /* CatDetailsVC.swift */,
			);
			path = CatDetails;
			sourceTree = "<group>";
		};
		87ABDB8E28018B2F00A7C3C8 /* CoreData */ = {
			isa = PBXGroup;
			children = (
				876ACFFD2809C4FC00A34988 /* CatObjectContainer.swift */,
				87EBCBC12802C753001750A4 /* CoreDataContainer.swift */,
				87ABDB8F28018B4A00A7C3C8 /* CoreDataManager.swift */,
			);
			path = CoreData;
			sourceTree = "<group>";
		};
		87C9BA36280019E000BBCFEC = {
			isa = PBXGroup;
			children = (
				87C9BA41280019E000BBCFEC /* Cat Facts */,
				875B456628032AA800D0D349 /* Cat FactsTests */,
				87C9BA40280019E000BBCFEC /* Products */,
			);
			sourceTree = "<group>";
		};
		87C9BA40280019E000BBCFEC /* Products */ = {
			isa = PBXGroup;
			children = (
				87C9BA3F280019E000BBCFEC /* Cat Facts.app */,
				875B456528032AA800D0D349 /* Cat FactsTests.xctest */,
			);
			name = Products;
			sourceTree = "<group>";
		};
		87C9BA41280019E000BBCFEC /* Cat Facts */ = {
			isa = PBXGroup;
			children = (
				87C9BA42280019E000BBCFEC /* AppDelegate.swift */,
				87C9BA4B280019E000BBCFEC /* Cat_Facts.xcdatamodeld */,
				87C9BA5C28001A6800BBCFEC /* Scenes */,
				87C9BA7128001C6700BBCFEC /* Resources */,
			);
			path = "Cat Facts";
			sourceTree = "<group>";
		};
		87C9BA5C28001A6800BBCFEC /* Scenes */ = {
			isa = PBXGroup;
			children = (
				87C9BA6128001A9900BBCFEC /* Coordinator.swift */,
				87C9BA5D28001A8C00BBCFEC /* AppCoordinator.swift */,
				87C9BA6428001AA700BBCFEC /* Cats */,
			);
			path = Scenes;
			sourceTree = "<group>";
		};
		87C9BA6428001AA700BBCFEC /* Cats */ = {
			isa = PBXGroup;
			children = (
				87C9BA6928001B1200BBCFEC /* CatsCoordinator.swift */,
				8736653C2800AA41005EDA25 /* Model */,
				87C9BA6E28001B5300BBCFEC /* ViewModels */,
				87C9BA6F28001B5D00BBCFEC /* ViewControllers */,
				87C9BA7028001B7600BBCFEC /* Views */,
				874E72AC28002B31003F5280 /* Services */,
				8788DD5D2800F018003CFC2B /* CatDetails */,
			);
			path = Cats;
			sourceTree = "<group>";
		};
		87C9BA6E28001B5300BBCFEC /* ViewModels */ = {
			isa = PBXGroup;
			children = (
				87EF89EF2802001D009CFB70 /* ViewModelAbstractions.swift */,
				874E72A828002AF6003F5280 /* CatsVM.swift */,
			);
			path = ViewModels;
			sourceTree = "<group>";
		};
		87C9BA6F28001B5D00BBCFEC /* ViewControllers */ = {
			isa = PBXGroup;
			children = (
				874E72B228002E81003F5280 /* CatsVC.swift */,
			);
			path = ViewControllers;
			sourceTree = "<group>";
		};
		87C9BA7028001B7600BBCFEC /* Views */ = {
			isa = PBXGroup;
			children = (
				87C9BA6528001AC400BBCFEC /* Cats.storyboard */,
				873665422800C66B005EDA25 /* ProgressHUD.swift */,
			);
			path = Views;
			sourceTree = "<group>";
		};
		87C9BA7128001C6700BBCFEC /* Resources */ = {
			isa = PBXGroup;
			children = (
				87C9BA4E280019E200BBCFEC /* Assets.xcassets */,
				87C9BA53280019E200BBCFEC /* Info.plist */,
				87D150E228030FF60082BE96 /* InternetConnectionManager.swift */,
				87B5B5C4280323EC00EB7992 /* extensions.swift */,
			);
			path = Resources;
			sourceTree = "<group>";
		};
/* End PBXGroup section */

/* Begin PBXNativeTarget section */
		875B456428032AA800D0D349 /* Cat FactsTests */ = {
			isa = PBXNativeTarget;
			buildConfigurationList = 875B456E28032AA800D0D349 /* Build configuration list for PBXNativeTarget "Cat FactsTests" */;
			buildPhases = (
				875B456128032AA800D0D349 /* Sources */,
				875B456228032AA800D0D349 /* Frameworks */,
				875B456328032AA800D0D349 /* Resources */,
			);
			buildRules = (
			);
			dependencies = (
				875B456B28032AA800D0D349 /* PBXTargetDependency */,
			);
			name = "Cat FactsTests";
			productName = "Cat FactsTests";
			productReference = 875B456528032AA800D0D349 /* Cat FactsTests.xctest */;
			productType = "com.apple.product-type.bundle.unit-test";
		};
		87C9BA3E280019E000BBCFEC /* Cat Facts */ = {
			isa = PBXNativeTarget;
			buildConfigurationList = 87C9BA56280019E200BBCFEC /* Build configuration list for PBXNativeTarget "Cat Facts" */;
			buildPhases = (
				87C9BA3B280019E000BBCFEC /* Sources */,
				87C9BA3C280019E000BBCFEC /* Frameworks */,
				87C9BA3D280019E000BBCFEC /* Resources */,
			);
			buildRules = (
			);
			dependencies = (
			);
			name = "Cat Facts";
			productName = "Cat Facts";
			productReference = 87C9BA3F280019E000BBCFEC /* Cat Facts.app */;
			productType = "com.apple.product-type.application";
		};
/* End PBXNativeTarget section */

/* Begin PBXProject section */
		87C9BA37280019E000BBCFEC /* Project object */ = {
			isa = PBXProject;
			attributes = {
				LastSwiftUpdateCheck = 1220;
				LastUpgradeCheck = 1220;
				TargetAttributes = {
					875B456428032AA800D0D349 = {
						CreatedOnToolsVersion = 12.2;
						TestTargetID = 87C9BA3E280019E000BBCFEC;
					};
					87C9BA3E280019E000BBCFEC = {
						CreatedOnToolsVersion = 12.2;
					};
				};
			};
			buildConfigurationList = 87C9BA3A280019E000BBCFEC /* Build configuration list for PBXProject "Cat Facts" */;
			compatibilityVersion = "Xcode 9.3";
			developmentRegion = en;
			hasScannedForEncodings = 0;
			knownRegions = (
				en,
				Base,
			);
			mainGroup = 87C9BA36280019E000BBCFEC;
			productRefGroup = 87C9BA40280019E000BBCFEC /* Products */;
			projectDirPath = "";
			projectRoot = "";
			targets = (
				87C9BA3E280019E000BBCFEC /* Cat Facts */,
				875B456428032AA800D0D349 /* Cat FactsTests */,
			);
		};
/* End PBXProject section */

/* Begin PBXResourcesBuildPhase section */
		875B456328032AA800D0D349 /* Resources */ = {
			isa = PBXResourcesBuildPhase;
			buildActionMask = 2147483647;
			files = (
			);
			runOnlyForDeploymentPostprocessing = 0;
		};
		87C9BA3D280019E000BBCFEC /* Resources */ = {
			isa = PBXResourcesBuildPhase;
			buildActionMask = 2147483647;
			files = (
				87C9BA6628001AC400BBCFEC /* Cats.storyboard in Resources */,
				8788DD602800F1F9003CFC2B /* CatDetails.storyboard in Resources */,
				87C9BA4F280019E200BBCFEC /* Assets.xcassets in Resources */,
			);
			runOnlyForDeploymentPostprocessing = 0;
		};
/* End PBXResourcesBuildPhase section */

/* Begin PBXSourcesBuildPhase section */
		875B456128032AA800D0D349 /* Sources */ = {
			isa = PBXSourcesBuildPhase;
			buildActionMask = 2147483647;
			files = (
				875B456828032AA800D0D349 /* Cat_FactsTests.swift in Sources */,
			);
			runOnlyForDeploymentPostprocessing = 0;
		};
		87C9BA3B280019E000BBCFEC /* Sources */ = {
			isa = PBXSourcesBuildPhase;
			buildActionMask = 2147483647;
			files = (
				8736653E2800AA49005EDA25 /* Cat.swift in Sources */,
				87ABDB9028018B4A00A7C3C8 /* CoreDataManager.swift in Sources */,
				874E72AE28002B3A003F5280 /* CatServices.swift in Sources */,
				8788DD632800F224003CFC2B /* CatDetailsVC.swift in Sources */,
				87C9BA43280019E000BBCFEC /* AppDelegate.swift in Sources */,
				87B5B5C5280323EC00EB7992 /* extensions.swift in Sources */,
				87C9BA6A28001B1200BBCFEC /* CatsCoordinator.swift in Sources */,
				874E72B328002E81003F5280 /* CatsVC.swift in Sources */,
				876ACFFE2809C4FC00A34988 /* CatObjectContainer.swift in Sources */,
				873665432800C66B005EDA25 /* ProgressHUD.swift in Sources */,
				87EBCBC22802C753001750A4 /* CoreDataContainer.swift in Sources */,
				87C9BA6228001A9900BBCFEC /* Coordinator.swift in Sources */,
				874E72A928002AF6003F5280 /* CatsVM.swift in Sources */,
				87D150E328030FF60082BE96 /* InternetConnectionManager.swift in Sources */,
				87C9BA5E28001A8C00BBCFEC /* AppCoordinator.swift in Sources */,
				87C9BA4D280019E000BBCFEC /* Cat_Facts.xcdatamodeld in Sources */,
				87EF89F02802001D009CFB70 /* ViewModelAbstractions.swift in Sources */,
				874E72A528002A90003F5280 /* ApiClient.swift in Sources */,
			);
			runOnlyForDeploymentPostprocessing = 0;
		};
/* End PBXSourcesBuildPhase section */

/* Begin PBXTargetDependency section */
		875B456B28032AA800D0D349 /* PBXTargetDependency */ = {
			isa = PBXTargetDependency;
			target = 87C9BA3E280019E000BBCFEC /* Cat Facts */;
			targetProxy = 875B456A28032AA800D0D349 /* PBXContainerItemProxy */;
		};
/* End PBXTargetDependency section */

/* Begin XCBuildConfiguration section */
		875B456C28032AA800D0D349 /* Debug */ = {
			isa = XCBuildConfiguration;
			buildSettings = {
				BUNDLE_LOADER = "$(TEST_HOST)";
				CODE_SIGN_STYLE = Automatic;
				DEVELOPMENT_TEAM = 5GB4GGS54M;
				INFOPLIST_FILE = "Cat FactsTests/Info.plist";
				LD_RUNPATH_SEARCH_PATHS = (
					"$(inherited)",
					"@executable_path/Frameworks",
					"@loader_path/Frameworks",
				);
				PRODUCT_BUNDLE_IDENTIFIER = "com.kabok.mohammadfarrahi.Cat-FactsTests";
				PRODUCT_NAME = "$(TARGET_NAME)";
				SWIFT_VERSION = 5.0;
				TARGETED_DEVICE_FAMILY = "1,2";
				TEST_HOST = "$(BUILT_PRODUCTS_DIR)/Cat Facts.app/Cat Facts";
			};
			name = Debug;
		};
		875B456D28032AA800D0D349 /* Release */ = {
			isa = XCBuildConfiguration;
			buildSettings = {
				BUNDLE_LOADER = "$(TEST_HOST)";
				CODE_SIGN_STYLE = Automatic;
				DEVELOPMENT_TEAM = 5GB4GGS54M;
				INFOPLIST_FILE = "Cat FactsTests/Info.plist";
				LD_RUNPATH_SEARCH_PATHS = (
					"$(inherited)",
					"@executable_path/Frameworks",
					"@loader_path/Frameworks",
				);
				PRODUCT_BUNDLE_IDENTIFIER = "com.kabok.mohammadfarrahi.Cat-FactsTests";
				PRODUCT_NAME = "$(TARGET_NAME)";
				SWIFT_VERSION = 5.0;
				TARGETED_DEVICE_FAMILY = "1,2";
				TEST_HOST = "$(BUILT_PRODUCTS_DIR)/Cat Facts.app/Cat Facts";
			};
			name = Release;
		};
		87C9BA54280019E200BBCFEC /* Debug */ = {
			isa = XCBuildConfiguration;
			buildSettings = {
				ALWAYS_SEARCH_USER_PATHS = NO;
				CLANG_ANALYZER_NONNULL = YES;
				CLANG_ANALYZER_NUMBER_OBJECT_CONVERSION = YES_AGGRESSIVE;
				CLANG_CXX_LANGUAGE_STANDARD = "gnu++14";
				CLANG_CXX_LIBRARY = "libc++";
				CLANG_ENABLE_MODULES = YES;
				CLANG_ENABLE_OBJC_ARC = YES;
				CLANG_ENABLE_OBJC_WEAK = YES;
				CLANG_WARN_BLOCK_CAPTURE_AUTORELEASING = YES;
				CLANG_WARN_BOOL_CONVERSION = YES;
				CLANG_WARN_COMMA = YES;
				CLANG_WARN_CONSTANT_CONVERSION = YES;
				CLANG_WARN_DEPRECATED_OBJC_IMPLEMENTATIONS = YES;
				CLANG_WARN_DIRECT_OBJC_ISA_USAGE = YES_ERROR;
				CLANG_WARN_DOCUMENTATION_COMMENTS = YES;
				CLANG_WARN_EMPTY_BODY = YES;
				CLANG_WARN_ENUM_CONVERSION = YES;
				CLANG_WARN_INFINITE_RECURSION = YES;
				CLANG_WARN_INT_CONVERSION = YES;
				CLANG_WARN_NON_LITERAL_NULL_CONVERSION = YES;
				CLANG_WARN_OBJC_IMPLICIT_RETAIN_SELF = YES;
				CLANG_WARN_OBJC_LITERAL_CONVERSION = YES;
				CLANG_WARN_OBJC_ROOT_CLASS = YES_ERROR;
				CLANG_WARN_QUOTED_INCLUDE_IN_FRAMEWORK_HEADER = YES;
				CLANG_WARN_RANGE_LOOP_ANALYSIS = YES;
				CLANG_WARN_STRICT_PROTOTYPES = YES;
				CLANG_WARN_SUSPICIOUS_MOVE = YES;
				CLANG_WARN_UNGUARDED_AVAILABILITY = YES_AGGRESSIVE;
				CLANG_WARN_UNREACHABLE_CODE = YES;
				CLANG_WARN__DUPLICATE_METHOD_MATCH = YES;
				COPY_PHASE_STRIP = NO;
				DEBUG_INFORMATION_FORMAT = dwarf;
				ENABLE_STRICT_OBJC_MSGSEND = YES;
				ENABLE_TESTABILITY = YES;
				GCC_C_LANGUAGE_STANDARD = gnu11;
				GCC_DYNAMIC_NO_PIC = NO;
				GCC_NO_COMMON_BLOCKS = YES;
				GCC_OPTIMIZATION_LEVEL = 0;
				GCC_PREPROCESSOR_DEFINITIONS = (
					"DEBUG=1",
					"$(inherited)",
				);
				GCC_WARN_64_TO_32_BIT_CONVERSION = YES;
				GCC_WARN_ABOUT_RETURN_TYPE = YES_ERROR;
				GCC_WARN_UNDECLARED_SELECTOR = YES;
				GCC_WARN_UNINITIALIZED_AUTOS = YES_AGGRESSIVE;
				GCC_WARN_UNUSED_FUNCTION = YES;
				GCC_WARN_UNUSED_VARIABLE = YES;
				IPHONEOS_DEPLOYMENT_TARGET = 14.2;
				MTL_ENABLE_DEBUG_INFO = INCLUDE_SOURCE;
				MTL_FAST_MATH = YES;
				ONLY_ACTIVE_ARCH = YES;
				SDKROOT = iphoneos;
				SWIFT_ACTIVE_COMPILATION_CONDITIONS = DEBUG;
				SWIFT_OPTIMIZATION_LEVEL = "-Onone";
			};
			name = Debug;
		};
		87C9BA55280019E200BBCFEC /* Release */ = {
			isa = XCBuildConfiguration;
			buildSettings = {
				ALWAYS_SEARCH_USER_PATHS = NO;
				CLANG_ANALYZER_NONNULL = YES;
				CLANG_ANALYZER_NUMBER_OBJECT_CONVERSION = YES_AGGRESSIVE;
				CLANG_CXX_LANGUAGE_STANDARD = "gnu++14";
				CLANG_CXX_LIBRARY = "libc++";
				CLANG_ENABLE_MODULES = YES;
				CLANG_ENABLE_OBJC_ARC = YES;
				CLANG_ENABLE_OBJC_WEAK = YES;
				CLANG_WARN_BLOCK_CAPTURE_AUTORELEASING = YES;
				CLANG_WARN_BOOL_CONVERSION = YES;
				CLANG_WARN_COMMA = YES;
				CLANG_WARN_CONSTANT_CONVERSION = YES;
				CLANG_WARN_DEPRECATED_OBJC_IMPLEMENTATIONS = YES;
				CLANG_WARN_DIRECT_OBJC_ISA_USAGE = YES_ERROR;
				CLANG_WARN_DOCUMENTATION_COMMENTS = YES;
				CLANG_WARN_EMPTY_BODY = YES;
				CLANG_WARN_ENUM_CONVERSION = YES;
				CLANG_WARN_INFINITE_RECURSION = YES;
				CLANG_WARN_INT_CONVERSION = YES;
				CLANG_WARN_NON_LITERAL_NULL_CONVERSION = YES;
				CLANG_WARN_OBJC_IMPLICIT_RETAIN_SELF = YES;
				CLANG_WARN_OBJC_LITERAL_CONVERSION = YES;
				CLANG_WARN_OBJC_ROOT_CLASS = YES_ERROR;
				CLANG_WARN_QUOTED_INCLUDE_IN_FRAMEWORK_HEADER = YES;
				CLANG_WARN_RANGE_LOOP_ANALYSIS = YES;
				CLANG_WARN_STRICT_PROTOTYPES = YES;
				CLANG_WARN_SUSPICIOUS_MOVE = YES;
				CLANG_WARN_UNGUARDED_AVAILABILITY = YES_AGGRESSIVE;
				CLANG_WARN_UNREACHABLE_CODE = YES;
				CLANG_WARN__DUPLICATE_METHOD_MATCH = YES;
				COPY_PHASE_STRIP = NO;
				DEBUG_INFORMATION_FORMAT = "dwarf-with-dsym";
				ENABLE_NS_ASSERTIONS = NO;
				ENABLE_STRICT_OBJC_MSGSEND = YES;
				GCC_C_LANGUAGE_STANDARD = gnu11;
				GCC_NO_COMMON_BLOCKS = YES;
				GCC_WARN_64_TO_32_BIT_CONVERSION = YES;
				GCC_WARN_ABOUT_RETURN_TYPE = YES_ERROR;
				GCC_WARN_UNDECLARED_SELECTOR = YES;
				GCC_WARN_UNINITIALIZED_AUTOS = YES_AGGRESSIVE;
				GCC_WARN_UNUSED_FUNCTION = YES;
				GCC_WARN_UNUSED_VARIABLE = YES;
				IPHONEOS_DEPLOYMENT_TARGET = 14.2;
				MTL_ENABLE_DEBUG_INFO = NO;
				MTL_FAST_MATH = YES;
				SDKROOT = iphoneos;
				SWIFT_COMPILATION_MODE = wholemodule;
				SWIFT_OPTIMIZATION_LEVEL = "-O";
				VALIDATE_PRODUCT = YES;
			};
			name = Release;
		};
		87C9BA57280019E200BBCFEC /* Debug */ = {
			isa = XCBuildConfiguration;
			buildSettings = {
				ASSETCATALOG_COMPILER_APPICON_NAME = AppIcon;
				ASSETCATALOG_COMPILER_GLOBAL_ACCENT_COLOR_NAME = AccentColor;
				CODE_SIGN_STYLE = Automatic;
				DEVELOPMENT_TEAM = 5GB4GGS54M;
				INFOPLIST_FILE = "Cat Facts/Resources/Info.plist";
				IPHONEOS_DEPLOYMENT_TARGET = 12.0;
				LD_RUNPATH_SEARCH_PATHS = (
					"$(inherited)",
					"@executable_path/Frameworks",
				);
				PRODUCT_BUNDLE_IDENTIFIER = "com.kabok.mohammadfarrahi.Cat-Facts";
				PRODUCT_NAME = "$(TARGET_NAME)";
				SWIFT_VERSION = 5.0;
				TARGETED_DEVICE_FAMILY = 1;
			};
			name = Debug;
		};
		87C9BA58280019E200BBCFEC /* Release */ = {
			isa = XCBuildConfiguration;
			buildSettings = {
				ASSETCATALOG_COMPILER_APPICON_NAME = AppIcon;
				ASSETCATALOG_COMPILER_GLOBAL_ACCENT_COLOR_NAME = AccentColor;
				CODE_SIGN_STYLE = Automatic;
				DEVELOPMENT_TEAM = 5GB4GGS54M;
				INFOPLIST_FILE = "Cat Facts/Resources/Info.plist";
				IPHONEOS_DEPLOYMENT_TARGET = 12.0;
				LD_RUNPATH_SEARCH_PATHS = (
					"$(inherited)",
					"@executable_path/Frameworks",
				);
				PRODUCT_BUNDLE_IDENTIFIER = "com.kabok.mohammadfarrahi.Cat-Facts";
				PRODUCT_NAME = "$(TARGET_NAME)";
				SWIFT_VERSION = 5.0;
				TARGETED_DEVICE_FAMILY = 1;
			};
			name = Release;
		};
/* End XCBuildConfiguration section */

/* Begin XCConfigurationList section */
		875B456E28032AA800D0D349 /* Build configuration list for PBXNativeTarget "Cat FactsTests" */ = {
			isa = XCConfigurationList;
			buildConfigurations = (
				875B456C28032AA800D0D349 /* Debug */,
				875B456D28032AA800D0D349 /* Release */,
			);
			defaultConfigurationIsVisible = 0;
			defaultConfigurationName = Release;
		};
		87C9BA3A280019E000BBCFEC /* Build configuration list for PBXProject "Cat Facts" */ = {
			isa = XCConfigurationList;
			buildConfigurations = (
				87C9BA54280019E200BBCFEC /* Debug */,
				87C9BA55280019E200BBCFEC /* Release */,
			);
			defaultConfigurationIsVisible = 0;
			defaultConfigurationName = Release;
		};
		87C9BA56280019E200BBCFEC /* Build configuration list for PBXNativeTarget "Cat Facts" */ = {
			isa = XCConfigurationList;
			buildConfigurations = (
				87C9BA57280019E200BBCFEC /* Debug */,
				87C9BA58280019E200BBCFEC /* Release */,
			);
			defaultConfigurationIsVisible = 0;
			defaultConfigurationName = Release;
		};
/* End XCConfigurationList section */

/* Begin XCVersionGroup section */
		87C9BA4B280019E000BBCFEC /* Cat_Facts.xcdatamodeld */ = {
			isa = XCVersionGroup;
			children = (
				87C9BA4C280019E000BBCFEC /* Cat_Facts.xcdatamodel */,
			);
			currentVersion = 87C9BA4C280019E000BBCFEC /* Cat_Facts.xcdatamodel */;
			path = Cat_Facts.xcdatamodeld;
			sourceTree = "<group>";
			versionGroupType = wrapper.xcdatamodel;
		};
/* End XCVersionGroup section */
	};
	rootObject = 87C9BA37280019E000BBCFEC /* Project object */;
}
