// !$*UTF8*$!
{
	archiveVersion = 1;
	classes = {
	};
	objectVersion = 50;
	objects = {

/* Begin PBXBuildFile section */
		8736653E2800AA49005EDA25 /* cat.swift in Sources */ = {isa = PBXBuildFile; fileRef = 8736653D2800AA49005EDA25 /* cat.swift */; };
		873665432800C66B005EDA25 /* ProgressHUD.swift in Sources */ = {isa = PBXBuildFile; fileRef = 873665422800C66B005EDA25 /* ProgressHUD.swift */; };
		874E72A528002A90003F5280 /* ApiClient.swift in Sources */ = {isa = PBXBuildFile; fileRef = 874E72A428002A90003F5280 /* ApiClient.swift */; };
		874E72A928002AF6003F5280 /* CatsViewModel.swift in Sources */ = {isa = PBXBuildFile; fileRef = 874E72A828002AF6003F5280 /* CatsViewModel.swift */; };
		874E72AE28002B3A003F5280 /* CatServices.swift in Sources */ = {isa = PBXBuildFile; fileRef = 874E72AD28002B3A003F5280 /* CatServices.swift */; };
		874E72B328002E81003F5280 /* CatsViewController.swift in Sources */ = {isa = PBXBuildFile; fileRef = 874E72B228002E81003F5280 /* CatsViewController.swift */; };
		87C9BA43280019E000BBCFEC /* AppDelegate.swift in Sources */ = {isa = PBXBuildFile; fileRef = 87C9BA42280019E000BBCFEC /* AppDelegate.swift */; };
		87C9BA4D280019E000BBCFEC /* Cat_Facts.xcdatamodeld in Sources */ = {isa = PBXBuildFile; fileRef = 87C9BA4B280019E000BBCFEC /* Cat_Facts.xcdatamodeld */; };
		87C9BA4F280019E200BBCFEC /* Assets.xcassets in Resources */ = {isa = PBXBuildFile; fileRef = 87C9BA4E280019E200BBCFEC /* Assets.xcassets */; };
		87C9BA5E28001A8C00BBCFEC /* AppCoordinator.swift in Sources */ = {isa = PBXBuildFile; fileRef = 87C9BA5D28001A8C00BBCFEC /* AppCoordinator.swift */; };
		87C9BA6228001A9900BBCFEC /* Coordinator.swift in Sources */ = {isa = PBXBuildFile; fileRef = 87C9BA6128001A9900BBCFEC /* Coordinator.swift */; };
		87C9BA6628001AC400BBCFEC /* Cats.storyboard in Resources */ = {isa = PBXBuildFile; fileRef = 87C9BA6528001AC400BBCFEC /* Cats.storyboard */; };
		87C9BA6A28001B1200BBCFEC /* CatsCoordinator.swift in Sources */ = {isa = PBXBuildFile; fileRef = 87C9BA6928001B1200BBCFEC /* CatsCoordinator.swift */; };
/* End PBXBuildFile section */

/* Begin PBXFileReference section */
		8736653D2800AA49005EDA25 /* cat.swift */ = {isa = PBXFileReference; fileEncoding = 4; lastKnownFileType = sourcecode.swift; path = cat.swift; sourceTree = "<group>"; };
		873665422800C66B005EDA25 /* ProgressHUD.swift */ = {isa = PBXFileReference; lastKnownFileType = sourcecode.swift; path = ProgressHUD.swift; sourceTree = "<group>"; };
		874E72A428002A90003F5280 /* ApiClient.swift */ = {isa = PBXFileReference; lastKnownFileType = sourcecode.swift; path = ApiClient.swift; sourceTree = "<group>"; };
		874E72A828002AF6003F5280 /* CatsViewModel.swift */ = {isa = PBXFileReference; lastKnownFileType = sourcecode.swift; path = CatsViewModel.swift; sourceTree = "<group>"; };
		874E72AD28002B3A003F5280 /* CatServices.swift */ = {isa = PBXFileReference; lastKnownFileType = sourcecode.swift; path = CatServices.swift; sourceTree = "<group>"; };
		874E72B228002E81003F5280 /* CatsViewController.swift */ = {isa = PBXFileReference; lastKnownFileType = sourcecode.swift; path = CatsViewController.swift; sourceTree = "<group>"; };
		87C9BA3F280019E000BBCFEC /* Cat Facts.app */ = {isa = PBXFileReference; explicitFileType = wrapper.application; includeInIndex = 0; path = "Cat Facts.app"; sourceTree = BUILT_PRODUCTS_DIR; };
		87C9BA42280019E000BBCFEC /* AppDelegate.swift */ = {isa = PBXFileReference; lastKnownFileType = sourcecode.swift; path = AppDelegate.swift; sourceTree = "<group>"; };
		87C9BA4C280019E000BBCFEC /* Cat_Facts.xcdatamodel */ = {isa = PBXFileReference; lastKnownFileType = wrapper.xcdatamodel; path = Cat_Facts.xcdatamodel; sourceTree = "<group>"; };
		87C9BA4E280019E200BBCFEC /* Assets.xcassets */ = {isa = PBXFileReference; lastKnownFileType = folder.assetcatalog; path = Assets.xcassets; sourceTree = "<group>"; };
		87C9BA53280019E200BBCFEC /* Info.plist */ = {isa = PBXFileReference; lastKnownFileType = text.plist.xml; path = Info.plist; sourceTree = "<group>"; };
		87C9BA5D28001A8C00BBCFEC /* AppCoordinator.swift */ = {isa = PBXFileReference; lastKnownFileType = sourcecode.swift; path = AppCoordinator.swift; sourceTree = "<group>"; };
		87C9BA6128001A9900BBCFEC /* Coordinator.swift */ = {isa = PBXFileReference; lastKnownFileType = sourcecode.swift; path = Coordinator.swift; sourceTree = "<group>"; };
		87C9BA6528001AC400BBCFEC /* Cats.storyboard */ = {isa = PBXFileReference; lastKnownFileType = file.storyboard; path = Cats.storyboard; sourceTree = "<group>"; };
		87C9BA6928001B1200BBCFEC /* CatsCoordinator.swift */ = {isa = PBXFileReference; lastKnownFileType = sourcecode.swift; path = CatsCoordinator.swift; sourceTree = "<group>"; };
/* End PBXFileReference section */

/* Begin PBXFrameworksBuildPhase section */
		87C9BA3C280019E000BBCFEC /* Frameworks */ = {
			isa = PBXFrameworksBuildPhase;
			buildActionMask = 2147483647;
			files = (
			);
			runOnlyForDeploymentPostprocessing = 0;
		};
/* End PBXFrameworksBuildPhase section */

/* Begin PBXGroup section */
		8736653C2800AA41005EDA25 /* Model */ = {
			isa = PBXGroup;
			children = (
				8736653D2800AA49005EDA25 /* cat.swift */,
			);
			path = Model;
			sourceTree = "<group>";
		};
		874E72AC28002B31003F5280 /* Services */ = {
			isa = PBXGroup;
			children = (
				874E72A428002A90003F5280 /* ApiClient.swift */,
				874E72AD28002B3A003F5280 /* CatServices.swift */,
			);
			path = Services;
			sourceTree = "<group>";
		};
		87C9BA36280019E000BBCFEC = {
			isa = PBXGroup;
			children = (
				87C9BA41280019E000BBCFEC /* Cat Facts */,
				87C9BA40280019E000BBCFEC /* Products */,
			);
			sourceTree = "<group>";
		};
		87C9BA40280019E000BBCFEC /* Products */ = {
			isa = PBXGroup;
			children = (
				87C9BA3F280019E000BBCFEC /* Cat Facts.app */,
			);
			name = Products;
			sourceTree = "<group>";
		};
		87C9BA41280019E000BBCFEC /* Cat Facts */ = {
			isa = PBXGroup;
			children = (
				87C9BA42280019E000BBCFEC /* AppDelegate.swift */,
				87C9BA4B280019E000BBCFEC /* Cat_Facts.xcdatamodeld */,
				87C9BA5C28001A6800BBCFEC /* Scenes */,
				87C9BA7128001C6700BBCFEC /* Resources */,
			);
			path = "Cat Facts";
			sourceTree = "<group>";
		};
		87C9BA5C28001A6800BBCFEC /* Scenes */ = {
			isa = PBXGroup;
			children = (
				87C9BA6128001A9900BBCFEC /* Coordinator.swift */,
				87C9BA5D28001A8C00BBCFEC /* AppCoordinator.swift */,
				87C9BA6428001AA700BBCFEC /* Cats */,
			);
			path = Scenes;
			sourceTree = "<group>";
		};
		87C9BA6428001AA700BBCFEC /* Cats */ = {
			isa = PBXGroup;
			children = (
				87C9BA6928001B1200BBCFEC /* CatsCoordinator.swift */,
				8736653C2800AA41005EDA25 /* Model */,
				87C9BA6E28001B5300BBCFEC /* ViewModels */,
				87C9BA6F28001B5D00BBCFEC /* ViewControllers */,
				87C9BA7028001B7600BBCFEC /* Views */,
				874E72AC28002B31003F5280 /* Services */,
			);
			path = Cats;
			sourceTree = "<group>";
		};
		87C9BA6E28001B5300BBCFEC /* ViewModels */ = {
			isa = PBXGroup;
			children = (
				874E72A828002AF6003F5280 /* CatsViewModel.swift */,
			);
			path = ViewModels;
			sourceTree = "<group>";
		};
		87C9BA6F28001B5D00BBCFEC /* ViewControllers */ = {
			isa = PBXGroup;
			children = (
				874E72B228002E81003F5280 /* CatsViewController.swift */,
			);
			path = ViewControllers;
			sourceTree = "<group>";
		};
		87C9BA7028001B7600BBCFEC /* Views */ = {
			isa = PBXGroup;
			children = (
				87C9BA6528001AC400BBCFEC /* Cats.storyboard */,
				873665422800C66B005EDA25 /* ProgressHUD.swift */,
			);
			path = Views;
			sourceTree = "<group>";
		};
		87C9BA7128001C6700BBCFEC /* Resources */ = {
			isa = PBXGroup;
			children = (
				87C9BA4E280019E200BBCFEC /* Assets.xcassets */,
				87C9BA53280019E200BBCFEC /* Info.plist */,
			);
			path = Resources;
			sourceTree = "<group>";
		};
/* End PBXGroup section */

/* Begin PBXNativeTarget section */
		87C9BA3E280019E000BBCFEC /* Cat Facts */ = {
			isa = PBXNativeTarget;
			buildConfigurationList = 87C9BA56280019E200BBCFEC /* Build configuration list for PBXNativeTarget "Cat Facts" */;
			buildPhases = (
				87C9BA3B280019E000BBCFEC /* Sources */,
				87C9BA3C280019E000BBCFEC /* Frameworks */,
				87C9BA3D280019E000BBCFEC /* Resources */,
			);
			buildRules = (
			);
			dependencies = (
			);
			name = "Cat Facts";
			productName = "Cat Facts";
			productReference = 87C9BA3F280019E000BBCFEC /* Cat Facts.app */;
			productType = "com.apple.product-type.application";
		};
/* End PBXNativeTarget section */

/* Begin PBXProject section */
		87C9BA37280019E000BBCFEC /* Project object */ = {
			isa = PBXProject;
			attributes = {
				LastSwiftUpdateCheck = 1220;
				LastUpgradeCheck = 1220;
				TargetAttributes = {
					87C9BA3E280019E000BBCFEC = {
						CreatedOnToolsVersion = 12.2;
					};
				};
			};
			buildConfigurationList = 87C9BA3A280019E000BBCFEC /* Build configuration list for PBXProject "Cat Facts" */;
			compatibilityVersion = "Xcode 9.3";
			developmentRegion = en;
			hasScannedForEncodings = 0;
			knownRegions = (
				en,
				Base,
			);
			mainGroup = 87C9BA36280019E000BBCFEC;
			productRefGroup = 87C9BA40280019E000BBCFEC /* Products */;
			projectDirPath = "";
			projectRoot = "";
			targets = (
				87C9BA3E280019E000BBCFEC /* Cat Facts */,
			);
		};
/* End PBXProject section */

/* Begin PBXResourcesBuildPhase section */
		87C9BA3D280019E000BBCFEC /* Resources */ = {
			isa = PBXResourcesBuildPhase;
			buildActionMask = 2147483647;
			files = (
				87C9BA6628001AC400BBCFEC /* Cats.storyboard in Resources */,
				87C9BA4F280019E200BBCFEC /* Assets.xcassets in Resources */,
			);
			runOnlyForDeploymentPostprocessing = 0;
		};
/* End PBXResourcesBuildPhase section */

/* Begin PBXSourcesBuildPhase section */
		87C9BA3B280019E000BBCFEC /* Sources */ = {
			isa = PBXSourcesBuildPhase;
			buildActionMask = 2147483647;
			files = (
				8736653E2800AA49005EDA25 /* cat.swift in Sources */,
				874E72AE28002B3A003F5280 /* CatServices.swift in Sources */,
				87C9BA43280019E000BBCFEC /* AppDelegate.swift in Sources */,
				87C9BA6A28001B1200BBCFEC /* CatsCoordinator.swift in Sources */,
				874E72B328002E81003F5280 /* CatsViewController.swift in Sources */,
				873665432800C66B005EDA25 /* ProgressHUD.swift in Sources */,
				87C9BA6228001A9900BBCFEC /* Coordinator.swift in Sources */,
				874E72A928002AF6003F5280 /* CatsViewModel.swift in Sources */,
				87C9BA5E28001A8C00BBCFEC /* AppCoordinator.swift in Sources */,
				87C9BA4D280019E000BBCFEC /* Cat_Facts.xcdatamodeld in Sources */,
				874E72A528002A90003F5280 /* ApiClient.swift in Sources */,
			);
			runOnlyForDeploymentPostprocessing = 0;
		};
/* End PBXSourcesBuildPhase section */

/* Begin XCBuildConfiguration section */
		87C9BA54280019E200BBCFEC /* Debug */ = {
			isa = XCBuildConfiguration;
			buildSettings = {
				ALWAYS_SEARCH_USER_PATHS = NO;
				CLANG_ANALYZER_NONNULL = YES;
				CLANG_ANALYZER_NUMBER_OBJECT_CONVERSION = YES_AGGRESSIVE;
				CLANG_CXX_LANGUAGE_STANDARD = "gnu++14";
				CLANG_CXX_LIBRARY = "libc++";
				CLANG_ENABLE_MODULES = YES;
				CLANG_ENABLE_OBJC_ARC = YES;
				CLANG_ENABLE_OBJC_WEAK = YES;
				CLANG_WARN_BLOCK_CAPTURE_AUTORELEASING = YES;
				CLANG_WARN_BOOL_CONVERSION = YES;
				CLANG_WARN_COMMA = YES;
				CLANG_WARN_CONSTANT_CONVERSION = YES;
				CLANG_WARN_DEPRECATED_OBJC_IMPLEMENTATIONS = YES;
				CLANG_WARN_DIRECT_OBJC_ISA_USAGE = YES_ERROR;
				CLANG_WARN_DOCUMENTATION_COMMENTS = YES;
				CLANG_WARN_EMPTY_BODY = YES;
				CLANG_WARN_ENUM_CONVERSION = YES;
				CLANG_WARN_INFINITE_RECURSION = YES;
				CLANG_WARN_INT_CONVERSION = YES;
				CLANG_WARN_NON_LITERAL_NULL_CONVERSION = YES;
				CLANG_WARN_OBJC_IMPLICIT_RETAIN_SELF = YES;
				CLANG_WARN_OBJC_LITERAL_CONVERSION = YES;
				CLANG_WARN_OBJC_ROOT_CLASS = YES_ERROR;
				CLANG_WARN_QUOTED_INCLUDE_IN_FRAMEWORK_HEADER = YES;
				CLANG_WARN_RANGE_LOOP_ANALYSIS = YES;
				CLANG_WARN_STRICT_PROTOTYPES = YES;
				CLANG_WARN_SUSPICIOUS_MOVE = YES;
				CLANG_WARN_UNGUARDED_AVAILABILITY = YES_AGGRESSIVE;
				CLANG_WARN_UNREACHABLE_CODE = YES;
				CLANG_WARN__DUPLICATE_METHOD_MATCH = YES;
				COPY_PHASE_STRIP = NO;
				DEBUG_INFORMATION_FORMAT = dwarf;
				ENABLE_STRICT_OBJC_MSGSEND = YES;
				ENABLE_TESTABILITY = YES;
				GCC_C_LANGUAGE_STANDARD = gnu11;
				GCC_DYNAMIC_NO_PIC = NO;
				GCC_NO_COMMON_BLOCKS = YES;
				GCC_OPTIMIZATION_LEVEL = 0;
				GCC_PREPROCESSOR_DEFINITIONS = (
					"DEBUG=1",
					"$(inherited)",
				);
				GCC_WARN_64_TO_32_BIT_CONVERSION = YES;
				GCC_WARN_ABOUT_RETURN_TYPE = YES_ERROR;
				GCC_WARN_UNDECLARED_SELECTOR = YES;
				GCC_WARN_UNINITIALIZED_AUTOS = YES_AGGRESSIVE;
				GCC_WARN_UNUSED_FUNCTION = YES;
				GCC_WARN_UNUSED_VARIABLE = YES;
				IPHONEOS_DEPLOYMENT_TARGET = 14.2;
				MTL_ENABLE_DEBUG_INFO = INCLUDE_SOURCE;
				MTL_FAST_MATH = YES;
				ONLY_ACTIVE_ARCH = YES;
				SDKROOT = iphoneos;
				SWIFT_ACTIVE_COMPILATION_CONDITIONS = DEBUG;
				SWIFT_OPTIMIZATION_LEVEL = "-Onone";
			};
			name = Debug;
		};
		87C9BA55280019E200BBCFEC /* Release */ = {
			isa = XCBuildConfiguration;
			buildSettings = {
				ALWAYS_SEARCH_USER_PATHS = NO;
				CLANG_ANALYZER_NONNULL = YES;
				CLANG_ANALYZER_NUMBER_OBJECT_CONVERSION = YES_AGGRESSIVE;
				CLANG_CXX_LANGUAGE_STANDARD = "gnu++14";
				CLANG_CXX_LIBRARY = "libc++";
				CLANG_ENABLE_MODULES = YES;
				CLANG_ENABLE_OBJC_ARC = YES;
				CLANG_ENABLE_OBJC_WEAK = YES;
				CLANG_WARN_BLOCK_CAPTURE_AUTORELEASING = YES;
				CLANG_WARN_BOOL_CONVERSION = YES;
				CLANG_WARN_COMMA = YES;
				CLANG_WARN_CONSTANT_CONVERSION = YES;
				CLANG_WARN_DEPRECATED_OBJC_IMPLEMENTATIONS = YES;
				CLANG_WARN_DIRECT_OBJC_ISA_USAGE = YES_ERROR;
				CLANG_WARN_DOCUMENTATION_COMMENTS = YES;
				CLANG_WARN_EMPTY_BODY = YES;
				CLANG_WARN_ENUM_CONVERSION = YES;
				CLANG_WARN_INFINITE_RECURSION = YES;
				CLANG_WARN_INT_CONVERSION = YES;
				CLANG_WARN_NON_LITERAL_NULL_CONVERSION = YES;
				CLANG_WARN_OBJC_IMPLICIT_RETAIN_SELF = YES;
				CLANG_WARN_OBJC_LITERAL_CONVERSION = YES;
				CLANG_WARN_OBJC_ROOT_CLASS = YES_ERROR;
				CLANG_WARN_QUOTED_INCLUDE_IN_FRAMEWORK_HEADER = YES;
				CLANG_WARN_RANGE_LOOP_ANALYSIS = YES;
				CLANG_WARN_STRICT_PROTOTYPES = YES;
				CLANG_WARN_SUSPICIOUS_MOVE = YES;
				CLANG_WARN_UNGUARDED_AVAILABILITY = YES_AGGRESSIVE;
				CLANG_WARN_UNREACHABLE_CODE = YES;
				CLANG_WARN__DUPLICATE_METHOD_MATCH = YES;
				COPY_PHASE_STRIP = NO;
				DEBUG_INFORMATION_FORMAT = "dwarf-with-dsym";
				ENABLE_NS_ASSERTIONS = NO;
				ENABLE_STRICT_OBJC_MSGSEND = YES;
				GCC_C_LANGUAGE_STANDARD = gnu11;
				GCC_NO_COMMON_BLOCKS = YES;
				GCC_WARN_64_TO_32_BIT_CONVERSION = YES;
				GCC_WARN_ABOUT_RETURN_TYPE = YES_ERROR;
				GCC_WARN_UNDECLARED_SELECTOR = YES;
				GCC_WARN_UNINITIALIZED_AUTOS = YES_AGGRESSIVE;
				GCC_WARN_UNUSED_FUNCTION = YES;
				GCC_WARN_UNUSED_VARIABLE = YES;
				IPHONEOS_DEPLOYMENT_TARGET = 14.2;
				MTL_ENABLE_DEBUG_INFO = NO;
				MTL_FAST_MATH = YES;
				SDKROOT = iphoneos;
				SWIFT_COMPILATION_MODE = wholemodule;
				SWIFT_OPTIMIZATION_LEVEL = "-O";
				VALIDATE_PRODUCT = YES;
			};
			name = Release;
		};
		87C9BA57280019E200BBCFEC /* Debug */ = {
			isa = XCBuildConfiguration;
			buildSettings = {
				ASSETCATALOG_COMPILER_APPICON_NAME = AppIcon;
				ASSETCATALOG_COMPILER_GLOBAL_ACCENT_COLOR_NAME = AccentColor;
				CODE_SIGN_STYLE = Automatic;
				DEVELOPMENT_TEAM = 5GB4GGS54M;
				INFOPLIST_FILE = "Cat Facts/Resources/Info.plist";
				IPHONEOS_DEPLOYMENT_TARGET = 12.0;
				LD_RUNPATH_SEARCH_PATHS = (
					"$(inherited)",
					"@executable_path/Frameworks",
				);
				PRODUCT_BUNDLE_IDENTIFIER = "com.kabok.mohammadfarrahi.Cat-Facts";
				PRODUCT_NAME = "$(TARGET_NAME)";
				SWIFT_VERSION = 5.0;
				TARGETED_DEVICE_FAMILY = 1;
			};
			name = Debug;
		};
		87C9BA58280019E200BBCFEC /* Release */ = {
			isa = XCBuildConfiguration;
			buildSettings = {
				ASSETCATALOG_COMPILER_APPICON_NAME = AppIcon;
				ASSETCATALOG_COMPILER_GLOBAL_ACCENT_COLOR_NAME = AccentColor;
				CODE_SIGN_STYLE = Automatic;
				DEVELOPMENT_TEAM = 5GB4GGS54M;
				INFOPLIST_FILE = "Cat Facts/Resources/Info.plist";
				IPHONEOS_DEPLOYMENT_TARGET = 12.0;
				LD_RUNPATH_SEARCH_PATHS = (
					"$(inherited)",
					"@executable_path/Frameworks",
				);
				PRODUCT_BUNDLE_IDENTIFIER = "com.kabok.mohammadfarrahi.Cat-Facts";
				PRODUCT_NAME = "$(TARGET_NAME)";
				SWIFT_VERSION = 5.0;
				TARGETED_DEVICE_FAMILY = 1;
			};
			name = Release;
		};
/* End XCBuildConfiguration section */

/* Begin XCConfigurationList section */
		87C9BA3A280019E000BBCFEC /* Build configuration list for PBXProject "Cat Facts" */ = {
			isa = XCConfigurationList;
			buildConfigurations = (
				87C9BA54280019E200BBCFEC /* Debug */,
				87C9BA55280019E200BBCFEC /* Release */,
			);
			defaultConfigurationIsVisible = 0;
			defaultConfigurationName = Release;
		};
		87C9BA56280019E200BBCFEC /* Build configuration list for PBXNativeTarget "Cat Facts" */ = {
			isa = XCConfigurationList;
			buildConfigurations = (
				87C9BA57280019E200BBCFEC /* Debug */,
				87C9BA58280019E200BBCFEC /* Release */,
			);
			defaultConfigurationIsVisible = 0;
			defaultConfigurationName = Release;
		};
/* End XCConfigurationList section */

/* Begin XCVersionGroup section */
		87C9BA4B280019E000BBCFEC /* Cat_Facts.xcdatamodeld */ = {
			isa = XCVersionGroup;
			children = (
				87C9BA4C280019E000BBCFEC /* Cat_Facts.xcdatamodel */,
			);
			currentVersion = 87C9BA4C280019E000BBCFEC /* Cat_Facts.xcdatamodel */;
			path = Cat_Facts.xcdatamodeld;
			sourceTree = "<group>";
			versionGroupType = wrapper.xcdatamodel;
		};
/* End XCVersionGroup section */
	};
	rootObject = 87C9BA37280019E000BBCFEC /* Project object */;
}
